{
  "name": "helix-anon",
  "version": "1.0.0",
  "lockfileVersion": 3,
  "requires": true,
  "packages": {
    "": {
      "name": "helix-anon",
      "version": "1.0.0",
      "license": "MIT",
      "dependencies": {
        "vss-web-extension-sdk": "^5.141.0"
      }
    },
    "node_modules/@types/jquery": {
      "version": "3.5.30",
      "resolved": "https://pkgs.dev.azure.com/dnceng/public/_packaging/dotnet-public-npm/npm/registry/@types/jquery/-/jquery-3.5.30.tgz",
      "integrity": "sha1-iI1YTL+ETT31aDS2mSUIUDj9gPc=",
      "license": "MIT",
      "dependencies": {
        "@types/sizzle": "*"
      }
    },
    "node_modules/@types/jqueryui": {
      "version": "1.12.23",
      "resolved": "https://pkgs.dev.azure.com/dnceng/public/_packaging/dotnet-public-npm/npm/registry/@types/jqueryui/-/jqueryui-1.12.23.tgz",
      "integrity": "sha1-BogtP9kYNPh8QDIKCJey0/4X3jU=",
      "license": "MIT",
      "dependencies": {
        "@types/jquery": "*"
      }
    },
    "node_modules/@types/knockout": {
      "version": "3.4.77",
      "resolved": "https://pkgs.dev.azure.com/dnceng/public/_packaging/dotnet-public-npm/npm/registry/@types/knockout/-/knockout-3.4.77.tgz",
      "integrity": "sha1-dpCiMWv6rWfgwQqBLh3aNo9rUPo=",
      "license": "MIT"
    },
    "node_modules/@types/mousetrap": {
      "version": "1.5.34",
      "resolved": "https://pkgs.dev.azure.com/dnceng/public/_packaging/dotnet-public-npm/npm/registry/@types/mousetrap/-/mousetrap-1.5.34.tgz",
      "integrity": "sha1-IrM42cS839j4HDBoSu/rBKRycWg=",
      "license": "MIT"
    },
    "node_modules/@types/q": {
      "version": "0.0.32",
      "resolved": "https://pkgs.dev.azure.com/dnceng/public/_packaging/dotnet-public-npm/npm/registry/@types/q/-/q-0.0.32.tgz",
      "integrity": "sha1-vShOV8hPEyXacCur/IKlMoGQwMU=",
      "license": "MIT"
    },
    "node_modules/@types/react": {
      "version": "15.7.30",
      "resolved": "https://pkgs.dev.azure.com/dnceng/public/_packaging/dotnet-public-npm/npm/registry/@types/react/-/react-15.7.30.tgz",
      "integrity": "sha1-/wyyDf9RgGQBZjcJ02D3b/sS9p8=",
      "license": "MIT"
    },
    "node_modules/@types/requirejs": {
      "version": "2.1.37",
      "resolved": "https://pkgs.dev.azure.com/dnceng/public/_packaging/dotnet-public-npm/npm/registry/@types/requirejs/-/requirejs-2.1.37.tgz",
      "integrity": "sha1-fxfc4Br9x7OotUKzJmGw+uzx4fk=",
      "license": "MIT"
    },
    "node_modules/@types/sizzle": {
      "version": "2.3.8",
      "resolved": "https://pkgs.dev.azure.com/dnceng/public/_packaging/dotnet-public-npm/npm/registry/@types/sizzle/-/sizzle-2.3.8.tgz",
      "integrity": "sha1-UYYJrvt5faGb8iL+sZno9lP/dic=",
      "license": "MIT"
    },
    "node_modules/vss-web-extension-sdk": {
      "version": "5.141.0",
      "resolved": "https://pkgs.dev.azure.com/dnceng/public/_packaging/dotnet-public-npm/npm/registry/vss-web-extension-sdk/-/vss-web-extension-sdk-5.141.0.tgz",
      "integrity": "sha1-NotvyvXnq4SfT7mGibZpTXgiTM8=",
      "license": "MIT",
      "dependencies": {
        "@types/jquery": ">=2.0.48",
        "@types/jqueryui": ">=1.11.34",
        "@types/knockout": "^3.4.49",
        "@types/mousetrap": "~1.5.34",
        "@types/q": "0.0.32",
        "@types/react": "^15.6.12",
        "@types/requirejs": ">=2.1.28"
      }
    }
  }
}
